
Microsoft Visual Studio Solution File, Format Version 12.00
# Visual Studio 15
VisualStudioVersion = 15.0.28307.1082
MinimumVisualStudioVersion = 10.0.40219.1
Project("{FAE04EC0-301F-11D3-BF4B-00C04F79EFBC}") = "YMG", "YMG\YMG.csproj", "{9E0A7F99-E49E-4ABF-ABEC-66B49B7E1287}"
EndProject
Project("{FAE04EC0-301F-11D3-BF4B-00C04F79EFBC}") = "WindowsFormsApp1", "WindowsFormsApp1\WindowsFormsApp1.csproj", "{E4F9C240-977B-4FA4-ACFC-6E2875559488}"
EndProject
Global
	GlobalSection(SolutionConfigurationPlatforms) = preSolution
		Debug|Any CPU = Debug|Any CPU
		Debug|x64 = Debug|x64
		Debug|x86 = Debug|x86
		Release|Any CPU = Release|Any CPU
		Release|x64 = Release|x64
		Release|x86 = Release|x86
	EndGlobalSection
	GlobalSection(ProjectConfigurationPlatforms) = postSolution
		{9E0A7F99-E49E-4ABF-ABEC-66B49B7E1287}.Debug|Any CPU.ActiveCfg = Debug|Any CPU
		{9E0A7F99-E49E-4ABF-ABEC-66B49B7E1287}.Debug|Any CPU.Build.0 = Debug|Any CPU
		{9E0A7F99-E49E-4ABF-ABEC-66B49B7E1287}.Debug|x64.ActiveCfg = Debug|x64
		{9E0A7F99-E49E-4ABF-ABEC-66B49B7E1287}.Debug|x64.Build.0 = Debug|x64
		{9E0A7F99-E49E-4ABF-ABEC-66B49B7E1287}.Debug|x86.ActiveCfg = Debug|x86
		{9E0A7F99-E49E-4ABF-ABEC-66B49B7E1287}.Debug|x86.Build.0 = Debug|x86
		{9E0A7F99-E49E-4ABF-ABEC-66B49B7E1287}.Release|Any CPU.ActiveCfg = Release|Any CPU
		{9E0A7F99-E49E-4ABF-ABEC-66B49B7E1287}.Release|Any CPU.Build.0 = Release|Any CPU
		{9E0A7F99-E49E-4ABF-ABEC-66B49B7E1287}.Release|x64.ActiveCfg = Release|x64
		{9E0A7F99-E49E-4ABF-ABEC-66B49B7E1287}.Release|x64.Build.0 = Release|x64
		{9E0A7F99-E49E-4ABF-ABEC-66B49B7E1287}.Release|x86.ActiveCfg = Release|x86
		{9E0A7F99-E49E-4ABF-ABEC-66B49B7E1287}.Release|x86.Build.0 = Release|x86
		{E4F9C240-977B-4FA4-ACFC-6E2875559488}.Debug|Any CPU.ActiveCfg = Debug|Any CPU
		{E4F9C240-977B-4FA4-ACFC-6E2875559488}.Debug|Any CPU.Build.0 = Debug|Any CPU
		{E4F9C240-977B-4FA4-ACFC-6E2875559488}.Debug|x64.ActiveCfg = Debug|Any CPU
		{E4F9C240-977B-4FA4-ACFC-6E2875559488}.Debug|x64.Build.0 = Debug|Any CPU
		{E4F9C240-977B-4FA4-ACFC-6E2875559488}.Debug|x86.ActiveCfg = Debug|x86
		{E4F9C240-977B-4FA4-ACFC-6E2875559488}.Debug|x86.Build.0 = Debug|x86
		{E4F9C240-977B-4FA4-ACFC-6E2875559488}.Release|Any CPU.ActiveCfg = Release|Any CPU
		{E4F9C240-977B-4FA4-ACFC-6E2875559488}.Release|Any CPU.Build.0 = Release|Any CPU
		{E4F9C240-977B-4FA4-ACFC-6E2875559488}.Release|x64.ActiveCfg = Release|Any CPU
		{E4F9C240-977B-4FA4-ACFC-6E2875559488}.Release|x64.Build.0 = Release|Any CPU
		{E4F9C240-977B-4FA4-ACFC-6E2875559488}.Release|x86.ActiveCfg = Release|x86
		{E4F9C240-977B-4FA4-ACFC-6E2875559488}.Release|x86.Build.0 = Release|x86
	EndGlobalSection
	GlobalSection(SolutionProperties) = preSolution
		HideSolutionNode = FALSE
	EndGlobalSection
	GlobalSection(ExtensibilityGlobals) = postSolution
		SolutionGuid = {ECC2411A-2B89-482A-AF6C-B67250FA5EB9}
	EndGlobalSection
EndGlobal
